// !$*UTF8*$!
{
	archiveVersion = 1;
	classes = {
	};
	objectVersion = 56;
	objects = {

/* Begin PBXBuildFile section */
		DB22BF8F29C35A5800C953B4 /* MapSwiftSwiftUIApp.swift in Sources */ = {isa = PBXBuildFile; fileRef = DB22BF8E29C35A5800C953B4 /* MapSwiftSwiftUIApp.swift */; };
		DB22BF9129C35A5800C953B4 /* ContentView.swift in Sources */ = {isa = PBXBuildFile; fileRef = DB22BF9029C35A5800C953B4 /* ContentView.swift */; };
		DB22BF9329C35A5900C953B4 /* Assets.xcassets in Resources */ = {isa = PBXBuildFile; fileRef = DB22BF9229C35A5900C953B4 /* Assets.xcassets */; };
		DB22BF9629C35A5900C953B4 /* Preview Assets.xcassets in Resources */ = {isa = PBXBuildFile; fileRef = DB22BF9529C35A5900C953B4 /* Preview Assets.xcassets */; };
		DB22BF9D29C35BFC00C953B4 /* Action.swift in Sources */ = {isa = PBXBuildFile; fileRef = DB22BF9C29C35BFC00C953B4 /* Action.swift */; };
		DB22BFA229C35CF800C953B4 /* Business.swift in Sources */ = {isa = PBXBuildFile; fileRef = DB22BFA129C35CF800C953B4 /* Business.swift */; };
		DB22BFA429C35D7300C953B4 /* MapController.swift in Sources */ = {isa = PBXBuildFile; fileRef = DB22BFA329C35D7300C953B4 /* MapController.swift */; };
/* End PBXBuildFile section */

/* Begin PBXFileReference section */
		DB22BF8B29C35A5800C953B4 /* MapSwiftSwiftUI.app */ = {isa = PBXFileReference; explicitFileType = wrapper.application; includeInIndex = 0; path = MapSwiftSwiftUI.app; sourceTree = BUILT_PRODUCTS_DIR; };
		DB22BF8E29C35A5800C953B4 /* MapSwiftSwiftUIApp.swift */ = {isa = PBXFileReference; lastKnownFileType = sourcecode.swift; path = MapSwiftSwiftUIApp.swift; sourceTree = "<group>"; };
		DB22BF9029C35A5800C953B4 /* ContentView.swift */ = {isa = PBXFileReference; lastKnownFileType = sourcecode.swift; path = ContentView.swift; sourceTree = "<group>"; };
		DB22BF9229C35A5900C953B4 /* Assets.xcassets */ = {isa = PBXFileReference; lastKnownFileType = folder.assetcatalog; path = Assets.xcassets; sourceTree = "<group>"; };
		DB22BF9529C35A5900C953B4 /* Preview Assets.xcassets */ = {isa = PBXFileReference; lastKnownFileType = folder.assetcatalog; path = "Preview Assets.xcassets"; sourceTree = "<group>"; };
		DB22BF9C29C35BFC00C953B4 /* Action.swift */ = {isa = PBXFileReference; lastKnownFileType = sourcecode.swift; path = Action.swift; sourceTree = "<group>"; };
		DB22BFA129C35CF800C953B4 /* Business.swift */ = {isa = PBXFileReference; lastKnownFileType = sourcecode.swift; path = Business.swift; sourceTree = "<group>"; };
		DB22BFA329C35D7300C953B4 /* MapController.swift */ = {isa = PBXFileReference; lastKnownFileType = sourcecode.swift; path = MapController.swift; sourceTree = "<group>"; };
/* End PBXFileReference section */

/* Begin PBXFrameworksBuildPhase section */
		DB22BF8829C35A5800C953B4 /* Frameworks */ = {
			isa = PBXFrameworksBuildPhase;
			buildActionMask = 2147483647;
			files = (
			);
			runOnlyForDeploymentPostprocessing = 0;
		};
/* End PBXFrameworksBuildPhase section */

/* Begin PBXGroup section */
		DB22BF8229C35A5800C953B4 = {
			isa = PBXGroup;
			children = (
				DB22BF8D29C35A5800C953B4 /* MapSwiftSwiftUI */,
				DB22BF8C29C35A5800C953B4 /* Products */,
			);
			sourceTree = "<group>";
		};
		DB22BF8C29C35A5800C953B4 /* Products */ = {
			isa = PBXGroup;
			children = (
				DB22BF8B29C35A5800C953B4 /* MapSwiftSwiftUI.app */,
			);
			name = Products;
			sourceTree = "<group>";
		};
		DB22BF8D29C35A5800C953B4 /* MapSwiftSwiftUI */ = {
			isa = PBXGroup;
			children = (
				DB22BFA029C35C4600C953B4 /* Controllers */,
				DB22BF9F29C35C3700C953B4 /* Models */,
				DB22BF9E29C35C1400C953B4 /* Views */,
				DB22BF9229C35A5900C953B4 /* Assets.xcassets */,
				DB22BF9429C35A5900C953B4 /* Preview Content */,
			);
			path = MapSwiftSwiftUI;
			sourceTree = "<group>";
		};
		DB22BF9429C35A5900C953B4 /* Preview Content */ = {
			isa = PBXGroup;
			children = (
				DB22BF9529C35A5900C953B4 /* Preview Assets.xcassets */,
			);
			path = "Preview Content";
			sourceTree = "<group>";
		};
		DB22BF9E29C35C1400C953B4 /* Views */ = {
			isa = PBXGroup;
			children = (
				DB22BF9029C35A5800C953B4 /* ContentView.swift */,
				DB22BF8E29C35A5800C953B4 /* MapSwiftSwiftUIApp.swift */,
			);
			path = Views;
			sourceTree = "<group>";
		};
		DB22BF9F29C35C3700C953B4 /* Models */ = {
			isa = PBXGroup;
			children = (
				DB22BF9C29C35BFC00C953B4 /* Action.swift */,
				DB22BFA129C35CF800C953B4 /* Business.swift */,
			);
			path = Models;
			sourceTree = "<group>";
		};
		DB22BFA029C35C4600C953B4 /* Controllers */ = {
			isa = PBXGroup;
			children = (
				DB22BFA329C35D7300C953B4 /* MapController.swift */,
			);
			path = Controllers;
			sourceTree = "<group>";
		};
/* End PBXGroup section */

/* Begin PBXNativeTarget section */
		DB22BF8A29C35A5800C953B4 /* MapSwiftSwiftUI */ = {
			isa = PBXNativeTarget;
			buildConfigurationList = DB22BF9929C35A5900C953B4 /* Build configuration list for PBXNativeTarget "MapSwiftSwiftUI" */;
			buildPhases = (
				DB22BF8729C35A5800C953B4 /* Sources */,
				DB22BF8829C35A5800C953B4 /* Frameworks */,
				DB22BF8929C35A5800C953B4 /* Resources */,
			);
			buildRules = (
			);
			dependencies = (
			);
			name = MapSwiftSwiftUI;
			productName = MapSwiftSwiftUI;
			productReference = DB22BF8B29C35A5800C953B4 /* MapSwiftSwiftUI.app */;
			productType = "com.apple.product-type.application";
		};
/* End PBXNativeTarget section */

/* Begin PBXProject section */
		DB22BF8329C35A5800C953B4 /* Project object */ = {
			isa = PBXProject;
			attributes = {
				BuildIndependentTargetsInParallel = 1;
				LastSwiftUpdateCheck = 1420;
				LastUpgradeCheck = 1420;
				TargetAttributes = {
					DB22BF8A29C35A5800C953B4 = {
						CreatedOnToolsVersion = 14.2;
					};
				};
			};
			buildConfigurationList = DB22BF8629C35A5800C953B4 /* Build configuration list for PBXProject "MapSwiftSwiftUI" */;
			compatibilityVersion = "Xcode 14.0";
			developmentRegion = en;
			hasScannedForEncodings = 0;
			knownRegions = (
				en,
				Base,
			);
			mainGroup = DB22BF8229C35A5800C953B4;
			productRefGroup = DB22BF8C29C35A5800C953B4 /* Products */;
			projectDirPath = "";
			projectRoot = "";
			targets = (
				DB22BF8A29C35A5800C953B4 /* MapSwiftSwiftUI */,
			);
		};
/* End PBXProject section */

/* Begin PBXResourcesBuildPhase section */
		DB22BF8929C35A5800C953B4 /* Resources */ = {
			isa = PBXResourcesBuildPhase;
			buildActionMask = 2147483647;
			files = (
				DB22BF9629C35A5900C953B4 /* Preview Assets.xcassets in Resources */,
				DB22BF9329C35A5900C953B4 /* Assets.xcassets in Resources */,
			);
			runOnlyForDeploymentPostprocessing = 0;
		};
/* End PBXResourcesBuildPhase section */

/* Begin PBXSourcesBuildPhase section */
		DB22BF8729C35A5800C953B4 /* Sources */ = {
			isa = PBXSourcesBuildPhase;
			buildActionMask = 2147483647;
			files = (
				DB22BF9129C35A5800C953B4 /* ContentView.swift in Sources */,
				DB22BFA229C35CF800C953B4 /* Business.swift in Sources */,
				DB22BF9D29C35BFC00C953B4 /* Action.swift in Sources */,
				DB22BFA429C35D7300C953B4 /* MapController.swift in Sources */,
				DB22BF8F29C35A5800C953B4 /* MapSwiftSwiftUIApp.swift in Sources */,
			);
			runOnlyForDeploymentPostprocessing = 0;
		};
/* End PBXSourcesBuildPhase section */

/* Begin XCBuildConfiguration section */
		DB22BF9729C35A5900C953B4 /* Debug */ = {
			isa = XCBuildConfiguration;
			buildSettings = {
				ALWAYS_SEARCH_USER_PATHS = NO;
				CLANG_ANALYZER_NONNULL = YES;
				CLANG_ANALYZER_NUMBER_OBJECT_CONVERSION = YES_AGGRESSIVE;
				CLANG_CXX_LANGUAGE_STANDARD = "gnu++20";
				CLANG_ENABLE_MODULES = YES;
				CLANG_ENABLE_OBJC_ARC = YES;
				CLANG_ENABLE_OBJC_WEAK = YES;
				CLANG_WARN_BLOCK_CAPTURE_AUTORELEASING = YES;
				CLANG_WARN_BOOL_CONVERSION = YES;
				CLANG_WARN_COMMA = YES;
				CLANG_WARN_CONSTANT_CONVERSION = YES;
				CLANG_WARN_DEPRECATED_OBJC_IMPLEMENTATIONS = YES;
				CLANG_WARN_DIRECT_OBJC_ISA_USAGE = YES_ERROR;
				CLANG_WARN_DOCUMENTATION_COMMENTS = YES;
				CLANG_WARN_EMPTY_BODY = YES;
				CLANG_WARN_ENUM_CONVERSION = YES;
				CLANG_WARN_INFINITE_RECURSION = YES;
				CLANG_WARN_INT_CONVERSION = YES;
				CLANG_WARN_NON_LITERAL_NULL_CONVERSION = YES;
				CLANG_WARN_OBJC_IMPLICIT_RETAIN_SELF = YES;
				CLANG_WARN_OBJC_LITERAL_CONVERSION = YES;
				CLANG_WARN_OBJC_ROOT_CLASS = YES_ERROR;
				CLANG_WARN_QUOTED_INCLUDE_IN_FRAMEWORK_HEADER = YES;
				CLANG_WARN_RANGE_LOOP_ANALYSIS = YES;
				CLANG_WARN_STRICT_PROTOTYPES = YES;
				CLANG_WARN_SUSPICIOUS_MOVE = YES;
				CLANG_WARN_UNGUARDED_AVAILABILITY = YES_AGGRESSIVE;
				CLANG_WARN_UNREACHABLE_CODE = YES;
				CLANG_WARN__DUPLICATE_METHOD_MATCH = YES;
				COPY_PHASE_STRIP = NO;
				DEBUG_INFORMATION_FORMAT = dwarf;
				ENABLE_STRICT_OBJC_MSGSEND = YES;
				ENABLE_TESTABILITY = YES;
				GCC_C_LANGUAGE_STANDARD = gnu11;
				GCC_DYNAMIC_NO_PIC = NO;
				GCC_NO_COMMON_BLOCKS = YES;
				GCC_OPTIMIZATION_LEVEL = 0;
				GCC_PREPROCESSOR_DEFINITIONS = (
					"DEBUG=1",
					"$(inherited)",
				);
				GCC_WARN_64_TO_32_BIT_CONVERSION = YES;
				GCC_WARN_ABOUT_RETURN_TYPE = YES_ERROR;
				GCC_WARN_UNDECLARED_SELECTOR = YES;
				GCC_WARN_UNINITIALIZED_AUTOS = YES_AGGRESSIVE;
				GCC_WARN_UNUSED_FUNCTION = YES;
				GCC_WARN_UNUSED_VARIABLE = YES;
				IPHONEOS_DEPLOYMENT_TARGET = 16.2;
				MTL_ENABLE_DEBUG_INFO = INCLUDE_SOURCE;
				MTL_FAST_MATH = YES;
				ONLY_ACTIVE_ARCH = YES;
				SDKROOT = iphoneos;
				SWIFT_ACTIVE_COMPILATION_CONDITIONS = DEBUG;
				SWIFT_OPTIMIZATION_LEVEL = "-Onone";
			};
			name = Debug;
		};
		DB22BF9829C35A5900C953B4 /* Release */ = {
			isa = XCBuildConfiguration;
			buildSettings = {
				ALWAYS_SEARCH_USER_PATHS = NO;
				CLANG_ANALYZER_NONNULL = YES;
				CLANG_ANALYZER_NUMBER_OBJECT_CONVERSION = YES_AGGRESSIVE;
				CLANG_CXX_LANGUAGE_STANDARD = "gnu++20";
				CLANG_ENABLE_MODULES = YES;
				CLANG_ENABLE_OBJC_ARC = YES;
				CLANG_ENABLE_OBJC_WEAK = YES;
				CLANG_WARN_BLOCK_CAPTURE_AUTORELEASING = YES;
				CLANG_WARN_BOOL_CONVERSION = YES;
				CLANG_WARN_COMMA = YES;
				CLANG_WARN_CONSTANT_CONVERSION = YES;
				CLANG_WARN_DEPRECATED_OBJC_IMPLEMENTATIONS = YES;
				CLANG_WARN_DIRECT_OBJC_ISA_USAGE = YES_ERROR;
				CLANG_WARN_DOCUMENTATION_COMMENTS = YES;
				CLANG_WARN_EMPTY_BODY = YES;
				CLANG_WARN_ENUM_CONVERSION = YES;
				CLANG_WARN_INFINITE_RECURSION = YES;
				CLANG_WARN_INT_CONVERSION = YES;
				CLANG_WARN_NON_LITERAL_NULL_CONVERSION = YES;
				CLANG_WARN_OBJC_IMPLICIT_RETAIN_SELF = YES;
				CLANG_WARN_OBJC_LITERAL_CONVERSION = YES;
				CLANG_WARN_OBJC_ROOT_CLASS = YES_ERROR;
				CLANG_WARN_QUOTED_INCLUDE_IN_FRAMEWORK_HEADER = YES;
				CLANG_WARN_RANGE_LOOP_ANALYSIS = YES;
				CLANG_WARN_STRICT_PROTOTYPES = YES;
				CLANG_WARN_SUSPICIOUS_MOVE = YES;
				CLANG_WARN_UNGUARDED_AVAILABILITY = YES_AGGRESSIVE;
				CLANG_WARN_UNREACHABLE_CODE = YES;
				CLANG_WARN__DUPLICATE_METHOD_MATCH = YES;
				COPY_PHASE_STRIP = NO;
				DEBUG_INFORMATION_FORMAT = "dwarf-with-dsym";
				ENABLE_NS_ASSERTIONS = NO;
				ENABLE_STRICT_OBJC_MSGSEND = YES;
				GCC_C_LANGUAGE_STANDARD = gnu11;
				GCC_NO_COMMON_BLOCKS = YES;
				GCC_WARN_64_TO_32_BIT_CONVERSION = YES;
				GCC_WARN_ABOUT_RETURN_TYPE = YES_ERROR;
				GCC_WARN_UNDECLARED_SELECTOR = YES;
				GCC_WARN_UNINITIALIZED_AUTOS = YES_AGGRESSIVE;
				GCC_WARN_UNUSED_FUNCTION = YES;
				GCC_WARN_UNUSED_VARIABLE = YES;
				IPHONEOS_DEPLOYMENT_TARGET = 16.2;
				MTL_ENABLE_DEBUG_INFO = NO;
				MTL_FAST_MATH = YES;
				SDKROOT = iphoneos;
				SWIFT_COMPILATION_MODE = wholemodule;
				SWIFT_OPTIMIZATION_LEVEL = "-O";
				VALIDATE_PRODUCT = YES;
			};
			name = Release;
		};
		DB22BF9A29C35A5900C953B4 /* Debug */ = {
			isa = XCBuildConfiguration;
			buildSettings = {
				ASSETCATALOG_COMPILER_APPICON_NAME = AppIcon;
				ASSETCATALOG_COMPILER_GLOBAL_ACCENT_COLOR_NAME = AccentColor;
				CODE_SIGN_STYLE = Automatic;
				CURRENT_PROJECT_VERSION = 1;
				DEVELOPMENT_ASSET_PATHS = "\"MapSwiftSwiftUI/Preview Content\"";
				DEVELOPMENT_TEAM = PMDCTLPM83;
				ENABLE_PREVIEWS = YES;
				GENERATE_INFOPLIST_FILE = YES;
				INFOPLIST_KEY_UIApplicationSceneManifest_Generation = YES;
				INFOPLIST_KEY_UIApplicationSupportsIndirectInputEvents = YES;
				INFOPLIST_KEY_UILaunchScreen_Generation = YES;
				INFOPLIST_KEY_UISupportedInterfaceOrientations_iPad = "UIInterfaceOrientationPortrait UIInterfaceOrientationPortraitUpsideDown UIInterfaceOrientationLandscapeLeft UIInterfaceOrientationLandscapeRight";
				INFOPLIST_KEY_UISupportedInterfaceOrientations_iPhone = "UIInterfaceOrientationPortrait UIInterfaceOrientationLandscapeLeft UIInterfaceOrientationLandscapeRight";
				LD_RUNPATH_SEARCH_PATHS = (
					"$(inherited)",
					"@executable_path/Frameworks",
				);
				MARKETING_VERSION = 1.0;
				PRODUCT_BUNDLE_IDENTIFIER = com.appx.MapSwiftSwiftUI;
				PRODUCT_NAME = "$(TARGET_NAME)";
				SWIFT_EMIT_LOC_STRINGS = YES;
				SWIFT_VERSION = 5.0;
				TARGETED_DEVICE_FAMILY = "1,2";
			};
			name = Debug;
		};
		DB22BF9B29C35A5900C953B4 /* Release */ = {
			isa = XCBuildConfiguration;
			buildSettings = {
				ASSETCATALOG_COMPILER_APPICON_NAME = AppIcon;
				ASSETCATALOG_COMPILER_GLOBAL_ACCENT_COLOR_NAME = AccentColor;
				CODE_SIGN_STYLE = Automatic;
				CURRENT_PROJECT_VERSION = 1;
				DEVELOPMENT_ASSET_PATHS = "\"MapSwiftSwiftUI/Preview Content\"";
				DEVELOPMENT_TEAM = PMDCTLPM83;
				ENABLE_PREVIEWS = YES;
				GENERATE_INFOPLIST_FILE = YES;
				INFOPLIST_KEY_UIApplicationSceneManifest_Generation = YES;
				INFOPLIST_KEY_UIApplicationSupportsIndirectInputEvents = YES;
				INFOPLIST_KEY_UILaunchScreen_Generation = YES;
				INFOPLIST_KEY_UISupportedInterfaceOrientations_iPad = "UIInterfaceOrientationPortrait UIInterfaceOrientationPortraitUpsideDown UIInterfaceOrientationLandscapeLeft UIInterfaceOrientationLandscapeRight";
				INFOPLIST_KEY_UISupportedInterfaceOrientations_iPhone = "UIInterfaceOrientationPortrait UIInterfaceOrientationLandscapeLeft UIInterfaceOrientationLandscapeRight";
				LD_RUNPATH_SEARCH_PATHS = (
					"$(inherited)",
					"@executable_path/Frameworks",
				);
				MARKETING_VERSION = 1.0;
				PRODUCT_BUNDLE_IDENTIFIER = com.appx.MapSwiftSwiftUI;
				PRODUCT_NAME = "$(TARGET_NAME)";
				SWIFT_EMIT_LOC_STRINGS = YES;
				SWIFT_VERSION = 5.0;
				TARGETED_DEVICE_FAMILY = "1,2";
			};
			name = Release;
		};
/* End XCBuildConfiguration section */

/* Begin XCConfigurationList section */
		DB22BF8629C35A5800C953B4 /* Build configuration list for PBXProject "MapSwiftSwiftUI" */ = {
			isa = XCConfigurationList;
			buildConfigurations = (
				DB22BF9729C35A5900C953B4 /* Debug */,
				DB22BF9829C35A5900C953B4 /* Release */,
			);
			defaultConfigurationIsVisible = 0;
			defaultConfigurationName = Release;
		};
		DB22BF9929C35A5900C953B4 /* Build configuration list for PBXNativeTarget "MapSwiftSwiftUI" */ = {
			isa = XCConfigurationList;
			buildConfigurations = (
				DB22BF9A29C35A5900C953B4 /* Debug */,
				DB22BF9B29C35A5900C953B4 /* Release */,
			);
			defaultConfigurationIsVisible = 0;
			defaultConfigurationName = Release;
		};
/* End XCConfigurationList section */
	};
	rootObject = DB22BF8329C35A5800C953B4 /* Project object */;
}
